// !$*UTF8*$!
{
	archiveVersion = 1;
	classes = {
	};
	objectVersion = 50;
	objects = {

/* Begin PBXBuildFile section */
		EDCA74AD27DACDCB0012E874 /* AppDelegate.swift in Sources */ = {isa = PBXBuildFile; fileRef = EDCA74AC27DACDCB0012E874 /* AppDelegate.swift */; };
		EDCA74AF27DACDCB0012E874 /* SceneDelegate.swift in Sources */ = {isa = PBXBuildFile; fileRef = EDCA74AE27DACDCB0012E874 /* SceneDelegate.swift */; };
		EDCA74B127DACDCB0012E874 /* ViewController.swift in Sources */ = {isa = PBXBuildFile; fileRef = EDCA74B027DACDCB0012E874 /* ViewController.swift */; };
		EDCA74B427DACDCB0012E874 /* Main.storyboard in Resources */ = {isa = PBXBuildFile; fileRef = EDCA74B227DACDCB0012E874 /* Main.storyboard */; };
		EDCA74B627DACDD20012E874 /* Assets.xcassets in Resources */ = {isa = PBXBuildFile; fileRef = EDCA74B527DACDD20012E874 /* Assets.xcassets */; };
		EDCA74B927DACDD20012E874 /* LaunchScreen.storyboard in Resources */ = {isa = PBXBuildFile; fileRef = EDCA74B727DACDD20012E874 /* LaunchScreen.storyboard */; };
/* End PBXBuildFile section */

/* Begin PBXFileReference section */
		EDCA74A927DACDCB0012E874 /* SlimeDIY.app */ = {isa = PBXFileReference; explicitFileType = wrapper.application; includeInIndex = 0; path = SlimeDIY.app; sourceTree = BUILT_PRODUCTS_DIR; };
		EDCA74AC27DACDCB0012E874 /* AppDelegate.swift */ = {isa = PBXFileReference; lastKnownFileType = sourcecode.swift; path = AppDelegate.swift; sourceTree = "<group>"; };
		EDCA74AE27DACDCB0012E874 /* SceneDelegate.swift */ = {isa = PBXFileReference; lastKnownFileType = sourcecode.swift; path = SceneDelegate.swift; sourceTree = "<group>"; };
		EDCA74B027DACDCB0012E874 /* ViewController.swift */ = {isa = PBXFileReference; lastKnownFileType = sourcecode.swift; path = ViewController.swift; sourceTree = "<group>"; };
		EDCA74B327DACDCB0012E874 /* Base */ = {isa = PBXFileReference; lastKnownFileType = file.storyboard; name = Base; path = Base.lproj/Main.storyboard; sourceTree = "<group>"; };
		EDCA74B527DACDD20012E874 /* Assets.xcassets */ = {isa = PBXFileReference; lastKnownFileType = folder.assetcatalog; path = Assets.xcassets; sourceTree = "<group>"; };
		EDCA74B827DACDD20012E874 /* Base */ = {isa = PBXFileReference; lastKnownFileType = file.storyboard; name = Base; path = Base.lproj/LaunchScreen.storyboard; sourceTree = "<group>"; };
		EDCA74BA27DACDD20012E874 /* Info.plist */ = {isa = PBXFileReference; lastKnownFileType = text.plist.xml; path = Info.plist; sourceTree = "<group>"; };
/* End PBXFileReference section */

/* Begin PBXFrameworksBuildPhase section */
		EDCA74A627DACDCB0012E874 /* Frameworks */ = {
			isa = PBXFrameworksBuildPhase;
			buildActionMask = 2147483647;
			files = (
			);
			runOnlyForDeploymentPostprocessing = 0;
		};
/* End PBXFrameworksBuildPhase section */

/* Begin PBXGroup section */
		EDCA74A027DACDCB0012E874 = {
			isa = PBXGroup;
			children = (
				EDCA74AB27DACDCB0012E874 /* SlimeDIY */,
				EDCA74AA27DACDCB0012E874 /* Products */,
			);
			sourceTree = "<group>";
		};
		EDCA74AA27DACDCB0012E874 /* Products */ = {
			isa = PBXGroup;
			children = (
				EDCA74A927DACDCB0012E874 /* SlimeDIY.app */,
			);
			name = Products;
			sourceTree = "<group>";
		};
		EDCA74AB27DACDCB0012E874 /* SlimeDIY */ = {
			isa = PBXGroup;
			children = (
				EDCA74AC27DACDCB0012E874 /* AppDelegate.swift */,
				EDCA74AE27DACDCB0012E874 /* SceneDelegate.swift */,
				EDCA74B027DACDCB0012E874 /* ViewController.swift */,
				EDCA74B227DACDCB0012E874 /* Main.storyboard */,
				EDCA74B527DACDD20012E874 /* Assets.xcassets */,
				EDCA74B727DACDD20012E874 /* LaunchScreen.storyboard */,
				EDCA74BA27DACDD20012E874 /* Info.plist */,
			);
			path = SlimeDIY;
			sourceTree = "<group>";
		};
/* End PBXGroup section */

/* Begin PBXNativeTarget section */
		EDCA74A827DACDCB0012E874 /* SlimeDIY */ = {
			isa = PBXNativeTarget;
			buildConfigurationList = EDCA74BD27DACDD20012E874 /* Build configuration list for PBXNativeTarget "SlimeDIY" */;
			buildPhases = (
				EDCA74A527DACDCB0012E874 /* Sources */,
				EDCA74A627DACDCB0012E874 /* Frameworks */,
				EDCA74A727DACDCB0012E874 /* Resources */,
			);
			buildRules = (
			);
			dependencies = (
			);
			name = SlimeDIY;
			productName = SlimeDIY;
			productReference = EDCA74A927DACDCB0012E874 /* SlimeDIY.app */;
			productType = "com.apple.product-type.application";
		};
/* End PBXNativeTarget section */

/* Begin PBXProject section */
		EDCA74A127DACDCB0012E874 /* Project object */ = {
			isa = PBXProject;
			attributes = {
				LastSwiftUpdateCheck = 1230;
				LastUpgradeCheck = 1230;
				TargetAttributes = {
					EDCA74A827DACDCB0012E874 = {
						CreatedOnToolsVersion = 12.3;
					};
				};
			};
			buildConfigurationList = EDCA74A427DACDCB0012E874 /* Build configuration list for PBXProject "SlimeDIY" */;
			compatibilityVersion = "Xcode 9.3";
			developmentRegion = en;
			hasScannedForEncodings = 0;
			knownRegions = (
				en,
				Base,
			);
			mainGroup = EDCA74A027DACDCB0012E874;
			productRefGroup = EDCA74AA27DACDCB0012E874 /* Products */;
			projectDirPath = "";
			projectRoot = "";
			targets = (
				EDCA74A827DACDCB0012E874 /* SlimeDIY */,
			);
		};
/* End PBXProject section */

/* Begin PBXResourcesBuildPhase section */
		EDCA74A727DACDCB0012E874 /* Resources */ = {
			isa = PBXResourcesBuildPhase;
			buildActionMask = 2147483647;
			files = (
				EDCA74B927DACDD20012E874 /* LaunchScreen.storyboard in Resources */,
				EDCA74B627DACDD20012E874 /* Assets.xcassets in Resources */,
				EDCA74B427DACDCB0012E874 /* Main.storyboard in Resources */,
			);
			runOnlyForDeploymentPostprocessing = 0;
		};
/* End PBXResourcesBuildPhase section */

/* Begin PBXSourcesBuildPhase section */
		EDCA74A527DACDCB0012E874 /* Sources */ = {
			isa = PBXSourcesBuildPhase;
			buildActionMask = 2147483647;
			files = (
				EDCA74B127DACDCB0012E874 /* ViewController.swift in Sources */,
				EDCA74AD27DACDCB0012E874 /* AppDelegate.swift in Sources */,
				EDCA74AF27DACDCB0012E874 /* SceneDelegate.swift in Sources */,
			);
			runOnlyForDeploymentPostprocessing = 0;
		};
/* End PBXSourcesBuildPhase section */

/* Begin PBXVariantGroup section */
		EDCA74B227DACDCB0012E874 /* Main.storyboard */ = {
			isa = PBXVariantGroup;
			children = (
				EDCA74B327DACDCB0012E874 /* Base */,
			);
			name = Main.storyboard;
			sourceTree = "<group>";
		};
		EDCA74B727DACDD20012E874 /* LaunchScreen.storyboard */ = {
			isa = PBXVariantGroup;
			children = (
				EDCA74B827DACDD20012E874 /* Base */,
			);
			name = LaunchScreen.storyboard;
			sourceTree = "<group>";
		};
/* End PBXVariantGroup section */

/* Begin XCBuildConfiguration section */
		EDCA74BB27DACDD20012E874 /* Debug */ = {
			isa = XCBuildConfiguration;
			buildSettings = {
				ALWAYS_SEARCH_USER_PATHS = NO;
				CLANG_ANALYZER_NONNULL = YES;
				CLANG_ANALYZER_NUMBER_OBJECT_CONVERSION = YES_AGGRESSIVE;
				CLANG_CXX_LANGUAGE_STANDARD = "gnu++14";
				CLANG_CXX_LIBRARY = "libc++";
				CLANG_ENABLE_MODULES = YES;
				CLANG_ENABLE_OBJC_ARC = YES;
				CLANG_ENABLE_OBJC_WEAK = YES;
				CLANG_WARN_BLOCK_CAPTURE_AUTORELEASING = YES;
				CLANG_WARN_BOOL_CONVERSION = YES;
				CLANG_WARN_COMMA = YES;
				CLANG_WARN_CONSTANT_CONVERSION = YES;
				CLANG_WARN_DEPRECATED_OBJC_IMPLEMENTATIONS = YES;
				CLANG_WARN_DIRECT_OBJC_ISA_USAGE = YES_ERROR;
				CLANG_WARN_DOCUMENTATION_COMMENTS = YES;
				CLANG_WARN_EMPTY_BODY = YES;
				CLANG_WARN_ENUM_CONVERSION = YES;
				CLANG_WARN_INFINITE_RECURSION = YES;
				CLANG_WARN_INT_CONVERSION = YES;
				CLANG_WARN_NON_LITERAL_NULL_CONVERSION = YES;
				CLANG_WARN_OBJC_IMPLICIT_RETAIN_SELF = YES;
				CLANG_WARN_OBJC_LITERAL_CONVERSION = YES;
				CLANG_WARN_OBJC_ROOT_CLASS = YES_ERROR;
				CLANG_WARN_QUOTED_INCLUDE_IN_FRAMEWORK_HEADER = YES;
				CLANG_WARN_RANGE_LOOP_ANALYSIS = YES;
				CLANG_WARN_STRICT_PROTOTYPES = YES;
				CLANG_WARN_SUSPICIOUS_MOVE = YES;
				CLANG_WARN_UNGUARDED_AVAILABILITY = YES_AGGRESSIVE;
				CLANG_WARN_UNREACHABLE_CODE = YES;
				CLANG_WARN__DUPLICATE_METHOD_MATCH = YES;
				COPY_PHASE_STRIP = NO;
				DEBUG_INFORMATION_FORMAT = dwarf;
				ENABLE_STRICT_OBJC_MSGSEND = YES;
				ENABLE_TESTABILITY = YES;
				GCC_C_LANGUAGE_STANDARD = gnu11;
				GCC_DYNAMIC_NO_PIC = NO;
				GCC_NO_COMMON_BLOCKS = YES;
				GCC_OPTIMIZATION_LEVEL = 0;
				GCC_PREPROCESSOR_DEFINITIONS = (
					"DEBUG=1",
					"$(inherited)",
				);
				GCC_WARN_64_TO_32_BIT_CONVERSION = YES;
				GCC_WARN_ABOUT_RETURN_TYPE = YES_ERROR;
				GCC_WARN_UNDECLARED_SELECTOR = YES;
				GCC_WARN_UNINITIALIZED_AUTOS = YES_AGGRESSIVE;
				GCC_WARN_UNUSED_FUNCTION = YES;
				GCC_WARN_UNUSED_VARIABLE = YES;
				IPHONEOS_DEPLOYMENT_TARGET = 14.3;
				MTL_ENABLE_DEBUG_INFO = INCLUDE_SOURCE;
				MTL_FAST_MATH = YES;
				ONLY_ACTIVE_ARCH = YES;
				SDKROOT = iphoneos;
				SWIFT_ACTIVE_COMPILATION_CONDITIONS = DEBUG;
				SWIFT_OPTIMIZATION_LEVEL = "-Onone";
			};
			name = Debug;
		};
		EDCA74BC27DACDD20012E874 /* Release */ = {
			isa = XCBuildConfiguration;
			buildSettings = {
				ALWAYS_SEARCH_USER_PATHS = NO;
				CLANG_ANALYZER_NONNULL = YES;
				CLANG_ANALYZER_NUMBER_OBJECT_CONVERSION = YES_AGGRESSIVE;
				CLANG_CXX_LANGUAGE_STANDARD = "gnu++14";
				CLANG_CXX_LIBRARY = "libc++";
				CLANG_ENABLE_MODULES = YES;
				CLANG_ENABLE_OBJC_ARC = YES;
				CLANG_ENABLE_OBJC_WEAK = YES;
				CLANG_WARN_BLOCK_CAPTURE_AUTORELEASING = YES;
				CLANG_WARN_BOOL_CONVERSION = YES;
				CLANG_WARN_COMMA = YES;
				CLANG_WARN_CONSTANT_CONVERSION = YES;
				CLANG_WARN_DEPRECATED_OBJC_IMPLEMENTATIONS = YES;
				CLANG_WARN_DIRECT_OBJC_ISA_USAGE = YES_ERROR;
				CLANG_WARN_DOCUMENTATION_COMMENTS = YES;
				CLANG_WARN_EMPTY_BODY = YES;
				CLANG_WARN_ENUM_CONVERSION = YES;
				CLANG_WARN_INFINITE_RECURSION = YES;
				CLANG_WARN_INT_CONVERSION = YES;
				CLANG_WARN_NON_LITERAL_NULL_CONVERSION = YES;
				CLANG_WARN_OBJC_IMPLICIT_RETAIN_SELF = YES;
				CLANG_WARN_OBJC_LITERAL_CONVERSION = YES;
				CLANG_WARN_OBJC_ROOT_CLASS = YES_ERROR;
				CLANG_WARN_QUOTED_INCLUDE_IN_FRAMEWORK_HEADER = YES;
				CLANG_WARN_RANGE_LOOP_ANALYSIS = YES;
				CLANG_WARN_STRICT_PROTOTYPES = YES;
				CLANG_WARN_SUSPICIOUS_MOVE = YES;
				CLANG_WARN_UNGUARDED_AVAILABILITY = YES_AGGRESSIVE;
				CLANG_WARN_UNREACHABLE_CODE = YES;
				CLANG_WARN__DUPLICATE_METHOD_MATCH = YES;
				COPY_PHASE_STRIP = NO;
				DEBUG_INFORMATION_FORMAT = "dwarf-with-dsym";
				ENABLE_NS_ASSERTIONS = NO;
				ENABLE_STRICT_OBJC_MSGSEND = YES;
				GCC_C_LANGUAGE_STANDARD = gnu11;
				GCC_NO_COMMON_BLOCKS = YES;
				GCC_WARN_64_TO_32_BIT_CONVERSION = YES;
				GCC_WARN_ABOUT_RETURN_TYPE = YES_ERROR;
				GCC_WARN_UNDECLARED_SELECTOR = YES;
				GCC_WARN_UNINITIALIZED_AUTOS = YES_AGGRESSIVE;
				GCC_WARN_UNUSED_FUNCTION = YES;
				GCC_WARN_UNUSED_VARIABLE = YES;
				IPHONEOS_DEPLOYMENT_TARGET = 14.3;
				MTL_ENABLE_DEBUG_INFO = NO;
				MTL_FAST_MATH = YES;
				SDKROOT = iphoneos;
				SWIFT_COMPILATION_MODE = wholemodule;
				SWIFT_OPTIMIZATION_LEVEL = "-O";
				VALIDATE_PRODUCT = YES;
			};
			name = Release;
		};
		EDCA74BE27DACDD20012E874 /* Debug */ = {
			isa = XCBuildConfiguration;
			buildSettings = {
				ASSETCATALOG_COMPILER_APPICON_NAME = AppIcon;
				ASSETCATALOG_COMPILER_GLOBAL_ACCENT_COLOR_NAME = AccentColor;
				CODE_SIGN_STYLE = Automatic;
				DEVELOPMENT_TEAM = 3M66U64HQ4;
				INFOPLIST_FILE = SlimeDIY/Info.plist;
				LD_RUNPATH_SEARCH_PATHS = (
					"$(inherited)",
					"@executable_path/Frameworks",
				);
				PRODUCT_BUNDLE_IDENTIFIER = gmb728.SlimeDIY;
				PRODUCT_NAME = "$(TARGET_NAME)";
				SWIFT_VERSION = 5.0;
				TARGETED_DEVICE_FAMILY = "1,2";
			};
			name = Debug;
		};
		EDCA74BF27DACDD20012E874 /* Release */ = {
			isa = XCBuildConfiguration;
			buildSettings = {
				ASSETCATALOG_COMPILER_APPICON_NAME = AppIcon;
				ASSETCATALOG_COMPILER_GLOBAL_ACCENT_COLOR_NAME = AccentColor;
				CODE_SIGN_STYLE = Automatic;
				DEVELOPMENT_TEAM = 3M66U64HQ4;
				INFOPLIST_FILE = SlimeDIY/Info.plist;
				LD_RUNPATH_SEARCH_PATHS = (
					"$(inherited)",
					"@executable_path/Frameworks",
				);
				PRODUCT_BUNDLE_IDENTIFIER = gmb728.SlimeDIY;
				PRODUCT_NAME = "$(TARGET_NAME)";
				SWIFT_VERSION = 5.0;
				TARGETED_DEVICE_FAMILY = "1,2";
			};
			name = Release;
		};
/* End XCBuildConfiguration section */

/* Begin XCConfigurationList section */
		EDCA74A427DACDCB0012E874 /* Build configuration list for PBXProject "SlimeDIY" */ = {
			isa = XCConfigurationList;
			buildConfigurations = (
				EDCA74BB27DACDD20012E874 /* Debug */,
				EDCA74BC27DACDD20012E874 /* Release */,
			);
			defaultConfigurationIsVisible = 0;
			defaultConfigurationName = Release;
		};
		EDCA74BD27DACDD20012E874 /* Build configuration list for PBXNativeTarget "SlimeDIY" */ = {
			isa = XCConfigurationList;
			buildConfigurations = (
				EDCA74BE27DACDD20012E874 /* Debug */,
				EDCA74BF27DACDD20012E874 /* Release */,
			);
			defaultConfigurationIsVisible = 0;
			defaultConfigurationName = Release;
		};
/* End XCConfigurationList section */
	};
	rootObject = EDCA74A127DACDCB0012E874 /* Project object */;
}
